
Microsoft Visual Studio Solution File, Format Version 12.00
# Visual Studio Version 16
VisualStudioVersion = 16.0.30717.126
MinimumVisualStudioVersion = 10.0.40219.1
Project("{9A19103F-16F7-4668-BE54-9A1E7A4F7556}") = "SignalRCallingSolution", "SignalRCallingSolution\SignalRCallingSolution.csproj", "{DACF1292-8969-4670-BF6A-AB95A5EBF6F8}"
EndProject
Project("{9A19103F-16F7-4668-BE54-9A1E7A4F7556}") = "SignalRMongoChat", "SignalRMongoChat\SignalRMongoChat.csproj", "{CF20F4DD-B613-4D43-A7F2-521DF7BE3B13}"
EndProject
Project("{9A19103F-16F7-4668-BE54-9A1E7A4F7556}") = "FileHandling", "FileHandling\FileHandling.csproj", "{F5633EC4-84FC-4A73-832E-9F32B6456C6F}"
EndProject
Global
	GlobalSection(SolutionConfigurationPlatforms) = preSolution
		Debug|Any CPU = Debug|Any CPU
		Release|Any CPU = Release|Any CPU
	EndGlobalSection
	GlobalSection(ProjectConfigurationPlatforms) = postSolution
		{DACF1292-8969-4670-BF6A-AB95A5EBF6F8}.Debug|Any CPU.ActiveCfg = Debug|Any CPU
		{DACF1292-8969-4670-BF6A-AB95A5EBF6F8}.Debug|Any CPU.Build.0 = Debug|Any CPU
		{DACF1292-8969-4670-BF6A-AB95A5EBF6F8}.Release|Any CPU.ActiveCfg = Release|Any CPU
		{DACF1292-8969-4670-BF6A-AB95A5EBF6F8}.Release|Any CPU.Build.0 = Release|Any CPU
		{CF20F4DD-B613-4D43-A7F2-521DF7BE3B13}.Debug|Any CPU.ActiveCfg = Debug|Any CPU
		{CF20F4DD-B613-4D43-A7F2-521DF7BE3B13}.Debug|Any CPU.Build.0 = Debug|Any CPU
		{CF20F4DD-B613-4D43-A7F2-521DF7BE3B13}.Release|Any CPU.ActiveCfg = Release|Any CPU
		{CF20F4DD-B613-4D43-A7F2-521DF7BE3B13}.Release|Any CPU.Build.0 = Release|Any CPU
		{F5633EC4-84FC-4A73-832E-9F32B6456C6F}.Debug|Any CPU.ActiveCfg = Debug|Any CPU
		{F5633EC4-84FC-4A73-832E-9F32B6456C6F}.Debug|Any CPU.Build.0 = Debug|Any CPU
		{F5633EC4-84FC-4A73-832E-9F32B6456C6F}.Release|Any CPU.ActiveCfg = Release|Any CPU
		{F5633EC4-84FC-4A73-832E-9F32B6456C6F}.Release|Any CPU.Build.0 = Release|Any CPU
	EndGlobalSection
	GlobalSection(SolutionProperties) = preSolution
		HideSolutionNode = FALSE
	EndGlobalSection
	GlobalSection(ExtensibilityGlobals) = postSolution
		SolutionGuid = {1688445E-4D8A-42E8-BA6B-605A76A6E95F}
	EndGlobalSection
EndGlobal
